# This file is automatically @generated by Cargo.
# It is not intended for manual editing.
version = 4

[[package]]
name = "armv7m"
version = "0.1.0"
dependencies = [
 "armv7m-vfp",
 "emu-core",
]

[[package]]
name = "armv7m-vfp"
version = "0.1.0"

[[package]]
name = "emu-core"
version = "0.1.0"

[[package]]
name = "ngc"
version = "0.1.0"
dependencies = [
 "armv7m",
 "emu-core",
 "stm32",
]

[[package]]
name = "ngc-cli"
version = "0.1.0"
dependencies = [
 "armv7m",
 "emu-core",
 "ngc",
]

[[package]]
name = "ngc-wasm"
version = "0.1.0"
dependencies = [
 "emu-core",
 "ngc",
]

[[package]]
name = "stm32"
version = "0.1.0"
dependencies = [
 "emu-core",
]
